
Microsoft Visual Studio Solution File, Format Version 12.00
# Visual Studio Version 16
VisualStudioVersion = 16.0.31515.178
MinimumVisualStudioVersion = 10.0.40219.1
Project("{9A19103F-16F7-4668-BE54-9A1E7A4F7556}") = "Menuplanung", "Menuplanung\Menuplanung.csproj", "{5BA74EA6-6D78-4572-923C-1952C7B6D496}"
EndProject
Project("{FAE04EC0-301F-11D3-BF4B-00C04F79EFBC}") = "Webseite", "Webseite\Webseite.csproj", "{1ACAAC46-9707-40D6-A8C6-1A621B611BD8}"
EndProject
Global
	GlobalSection(SolutionConfigurationPlatforms) = preSolution
		Debug|Any CPU = Debug|Any CPU
		Release|Any CPU = Release|Any CPU
	EndGlobalSection
	GlobalSection(ProjectConfigurationPlatforms) = postSolution
		{5BA74EA6-6D78-4572-923C-1952C7B6D496}.Debug|Any CPU.ActiveCfg = Debug|Any CPU
		{5BA74EA6-6D78-4572-923C-1952C7B6D496}.Debug|Any CPU.Build.0 = Debug|Any CPU
		{5BA74EA6-6D78-4572-923C-1952C7B6D496}.Release|Any CPU.ActiveCfg = Release|Any CPU
		{5BA74EA6-6D78-4572-923C-1952C7B6D496}.Release|Any CPU.Build.0 = Release|Any CPU
		{1ACAAC46-9707-40D6-A8C6-1A621B611BD8}.Debug|Any CPU.ActiveCfg = Debug|Any CPU
		{1ACAAC46-9707-40D6-A8C6-1A621B611BD8}.Debug|Any CPU.Build.0 = Debug|Any CPU
		{1ACAAC46-9707-40D6-A8C6-1A621B611BD8}.Release|Any CPU.ActiveCfg = Release|Any CPU
		{1ACAAC46-9707-40D6-A8C6-1A621B611BD8}.Release|Any CPU.Build.0 = Release|Any CPU
	EndGlobalSection
	GlobalSection(SolutionProperties) = preSolution
		HideSolutionNode = FALSE
	EndGlobalSection
	GlobalSection(ExtensibilityGlobals) = postSolution
		SolutionGuid = {CB7D4CF6-5D5B-43DA-B4B6-2656B4DE023A}
	EndGlobalSection
EndGlobal
